
Microsoft Visual Studio Solution File, Format Version 12.00
# Visual Studio 15
VisualStudioVersion = 15.0.28010.2041
MinimumVisualStudioVersion = 10.0.40219.1
Project("{FAE04EC0-301F-11D3-BF4B-00C04F79EFBC}") = "ConsoleApp6", "ConsoleApp6\ConsoleApp6.csproj", "{9491A314-BFD7-4248-AD91-9A5589CD52B3}"
EndProject
Global
	GlobalSection(SolutionConfigurationPlatforms) = preSolution
		Debug|Any CPU = Debug|Any CPU
		Release|Any CPU = Release|Any CPU
	EndGlobalSection
	GlobalSection(ProjectConfigurationPlatforms) = postSolution
		{9491A314-BFD7-4248-AD91-9A5589CD52B3}.Debug|Any CPU.ActiveCfg = Debug|Any CPU
		{9491A314-BFD7-4248-AD91-9A5589CD52B3}.Debug|Any CPU.Build.0 = Debug|Any CPU
		{9491A314-BFD7-4248-AD91-9A5589CD52B3}.Release|Any CPU.ActiveCfg = Release|Any CPU
		{9491A314-BFD7-4248-AD91-9A5589CD52B3}.Release|Any CPU.Build.0 = Release|Any CPU
	EndGlobalSection
	GlobalSection(SolutionProperties) = preSolution
		HideSolutionNode = FALSE
	EndGlobalSection
	GlobalSection(ExtensibilityGlobals) = postSolution
		SolutionGuid = {03080753-DAAE-42A0-BD28-84B1202ABCB4}
	EndGlobalSection
EndGlobal
